
Microsoft Visual Studio Solution File, Format Version 12.00
# Visual Studio Version 16
VisualStudioVersion = 16.0.29306.81
MinimumVisualStudioVersion = 10.0.40219.1
Project("{9A19103F-16F7-4668-BE54-9A1E7A4F7556}") = "DirectSync", "DirectSync\DirectSync.csproj", "{EA327FEE-D6C4-45D2-911B-F658337EE4B9}"
EndProject
Project("{9A19103F-16F7-4668-BE54-9A1E7A4F7556}") = "CryptoExchange.Net", "..\..\..\Downloads\CryptoExchange.Net-master\CryptoExchange.Net-master\CryptoExchange.Net\CryptoExchange.Net.csproj", "{4B5E6F4E-3FE3-4AE1-8A10-DB7C886CA460}"
EndProject
Project("{9A19103F-16F7-4668-BE54-9A1E7A4F7556}") = "Binance.Net", "..\..\..\Downloads\Binance.Net-master\Binance.Net-master\Binance.Net\Binance.Net.csproj", "{FBC8A598-6278-4097-AEEE-23E94CBAB1C1}"
EndProject
Global
	GlobalSection(SolutionConfigurationPlatforms) = preSolution
		Debug|Any CPU = Debug|Any CPU
		Release|Any CPU = Release|Any CPU
	EndGlobalSection
	GlobalSection(ProjectConfigurationPlatforms) = postSolution
		{EA327FEE-D6C4-45D2-911B-F658337EE4B9}.Debug|Any CPU.ActiveCfg = Debug|Any CPU
		{EA327FEE-D6C4-45D2-911B-F658337EE4B9}.Debug|Any CPU.Build.0 = Debug|Any CPU
		{EA327FEE-D6C4-45D2-911B-F658337EE4B9}.Release|Any CPU.ActiveCfg = Release|Any CPU
		{EA327FEE-D6C4-45D2-911B-F658337EE4B9}.Release|Any CPU.Build.0 = Release|Any CPU
		{4B5E6F4E-3FE3-4AE1-8A10-DB7C886CA460}.Debug|Any CPU.ActiveCfg = Debug|Any CPU
		{4B5E6F4E-3FE3-4AE1-8A10-DB7C886CA460}.Debug|Any CPU.Build.0 = Debug|Any CPU
		{4B5E6F4E-3FE3-4AE1-8A10-DB7C886CA460}.Release|Any CPU.ActiveCfg = Release|Any CPU
		{4B5E6F4E-3FE3-4AE1-8A10-DB7C886CA460}.Release|Any CPU.Build.0 = Release|Any CPU
		{FBC8A598-6278-4097-AEEE-23E94CBAB1C1}.Debug|Any CPU.ActiveCfg = Debug|Any CPU
		{FBC8A598-6278-4097-AEEE-23E94CBAB1C1}.Debug|Any CPU.Build.0 = Debug|Any CPU
		{FBC8A598-6278-4097-AEEE-23E94CBAB1C1}.Release|Any CPU.ActiveCfg = Release|Any CPU
		{FBC8A598-6278-4097-AEEE-23E94CBAB1C1}.Release|Any CPU.Build.0 = Release|Any CPU
	EndGlobalSection
	GlobalSection(SolutionProperties) = preSolution
		HideSolutionNode = FALSE
	EndGlobalSection
	GlobalSection(ExtensibilityGlobals) = postSolution
		SolutionGuid = {41445BB7-91A8-4E55-8E12-04A1FAF4F84C}
	EndGlobalSection
EndGlobal
